
Microsoft Visual Studio Solution File, Format Version 12.00
# Visual Studio 2013
VisualStudioVersion = 12.0.31101.0
MinimumVisualStudioVersion = 10.0.40219.1
Project("{8BC9CEB8-8B4A-11D0-8D11-00A0C91BC942}") = "SecretStash", "SecretStash\SecretStash.vcxproj", "{1CFD6243-DAEA-4829-A5FD-3CC5E6C84EBD}"
EndProject
Project("{8BC9CEB8-8B4A-11D0-8D11-00A0C91BC942}") = "SecretStash Package", "SecretStash Package\SecretStash Package.vcxproj", "{DC576221-DC05-465C-8D6E-7D7679B5BD18}"
	ProjectSection(ProjectDependencies) = postProject
		{1CFD6243-DAEA-4829-A5FD-3CC5E6C84EBD} = {1CFD6243-DAEA-4829-A5FD-3CC5E6C84EBD}
	EndProjectSection
EndProject
Project("{8BC9CEB8-8B4A-11D0-8D11-00A0C91BC942}") = "SecretStashUI", "SecretStashUI\SecretStashUI.vcxproj", "{9EBECA29-C4CC-4226-B529-4C9EAB65512E}"
EndProject
Global
	GlobalSection(SolutionConfigurationPlatforms) = preSolution
		Win7 Debug|Win32 = Win7 Debug|Win32
		Win7 Debug|x64 = Win7 Debug|x64
		Win7 Release|Win32 = Win7 Release|Win32
		Win7 Release|x64 = Win7 Release|x64
		Win8 Debug|Win32 = Win8 Debug|Win32
		Win8 Debug|x64 = Win8 Debug|x64
		Win8 Release|Win32 = Win8 Release|Win32
		Win8 Release|x64 = Win8 Release|x64
		Win8.1 Debug|Win32 = Win8.1 Debug|Win32
		Win8.1 Debug|x64 = Win8.1 Debug|x64
		Win8.1 Release|Win32 = Win8.1 Release|Win32
		Win8.1 Release|x64 = Win8.1 Release|x64
	EndGlobalSection
	GlobalSection(ProjectConfigurationPlatforms) = postSolution
		{1CFD6243-DAEA-4829-A5FD-3CC5E6C84EBD}.Win7 Debug|Win32.ActiveCfg = Win7 Debug|Win32
		{1CFD6243-DAEA-4829-A5FD-3CC5E6C84EBD}.Win7 Debug|Win32.Build.0 = Win7 Debug|Win32
		{1CFD6243-DAEA-4829-A5FD-3CC5E6C84EBD}.Win7 Debug|Win32.Deploy.0 = Win7 Debug|Win32
		{1CFD6243-DAEA-4829-A5FD-3CC5E6C84EBD}.Win7 Debug|x64.ActiveCfg = Win7 Debug|x64
		{1CFD6243-DAEA-4829-A5FD-3CC5E6C84EBD}.Win7 Debug|x64.Build.0 = Win7 Debug|x64
		{1CFD6243-DAEA-4829-A5FD-3CC5E6C84EBD}.Win7 Debug|x64.Deploy.0 = Win7 Debug|x64
		{1CFD6243-DAEA-4829-A5FD-3CC5E6C84EBD}.Win7 Release|Win32.ActiveCfg = Win7 Release|Win32
		{1CFD6243-DAEA-4829-A5FD-3CC5E6C84EBD}.Win7 Release|Win32.Build.0 = Win7 Release|Win32
		{1CFD6243-DAEA-4829-A5FD-3CC5E6C84EBD}.Win7 Release|Win32.Deploy.0 = Win7 Release|Win32
		{1CFD6243-DAEA-4829-A5FD-3CC5E6C84EBD}.Win7 Release|x64.ActiveCfg = Win7 Release|x64
		{1CFD6243-DAEA-4829-A5FD-3CC5E6C84EBD}.Win7 Release|x64.Build.0 = Win7 Release|x64
		{1CFD6243-DAEA-4829-A5FD-3CC5E6C84EBD}.Win7 Release|x64.Deploy.0 = Win7 Release|x64
		{1CFD6243-DAEA-4829-A5FD-3CC5E6C84EBD}.Win8 Debug|Win32.ActiveCfg = Win8 Debug|Win32
		{1CFD6243-DAEA-4829-A5FD-3CC5E6C84EBD}.Win8 Debug|Win32.Build.0 = Win8 Debug|Win32
		{1CFD6243-DAEA-4829-A5FD-3CC5E6C84EBD}.Win8 Debug|Win32.Deploy.0 = Win8 Debug|Win32
		{1CFD6243-DAEA-4829-A5FD-3CC5E6C84EBD}.Win8 Debug|x64.ActiveCfg = Win8 Debug|x64
		{1CFD6243-DAEA-4829-A5FD-3CC5E6C84EBD}.Win8 Debug|x64.Build.0 = Win8 Debug|x64
		{1CFD6243-DAEA-4829-A5FD-3CC5E6C84EBD}.Win8 Debug|x64.Deploy.0 = Win8 Debug|x64
		{1CFD6243-DAEA-4829-A5FD-3CC5E6C84EBD}.Win8 Release|Win32.ActiveCfg = Win8 Release|Win32
		{1CFD6243-DAEA-4829-A5FD-3CC5E6C84EBD}.Win8 Release|Win32.Build.0 = Win8 Release|Win32
		{1CFD6243-DAEA-4829-A5FD-3CC5E6C84EBD}.Win8 Release|Win32.Deploy.0 = Win8 Release|Win32
		{1CFD6243-DAEA-4829-A5FD-3CC5E6C84EBD}.Win8 Release|x64.ActiveCfg = Win8 Release|x64
		{1CFD6243-DAEA-4829-A5FD-3CC5E6C84EBD}.Win8 Release|x64.Build.0 = Win8 Release|x64
		{1CFD6243-DAEA-4829-A5FD-3CC5E6C84EBD}.Win8 Release|x64.Deploy.0 = Win8 Release|x64
		{1CFD6243-DAEA-4829-A5FD-3CC5E6C84EBD}.Win8.1 Debug|Win32.ActiveCfg = Win8.1 Debug|Win32
		{1CFD6243-DAEA-4829-A5FD-3CC5E6C84EBD}.Win8.1 Debug|Win32.Build.0 = Win8.1 Debug|Win32
		{1CFD6243-DAEA-4829-A5FD-3CC5E6C84EBD}.Win8.1 Debug|Win32.Deploy.0 = Win8.1 Debug|Win32
		{1CFD6243-DAEA-4829-A5FD-3CC5E6C84EBD}.Win8.1 Debug|x64.ActiveCfg = Win8.1 Debug|x64
		{1CFD6243-DAEA-4829-A5FD-3CC5E6C84EBD}.Win8.1 Debug|x64.Build.0 = Win8.1 Debug|x64
		{1CFD6243-DAEA-4829-A5FD-3CC5E6C84EBD}.Win8.1 Debug|x64.Deploy.0 = Win8.1 Debug|x64
		{1CFD6243-DAEA-4829-A5FD-3CC5E6C84EBD}.Win8.1 Release|Win32.ActiveCfg = Win8.1 Release|Win32
		{1CFD6243-DAEA-4829-A5FD-3CC5E6C84EBD}.Win8.1 Release|Win32.Build.0 = Win8.1 Release|Win32
		{1CFD6243-DAEA-4829-A5FD-3CC5E6C84EBD}.Win8.1 Release|Win32.Deploy.0 = Win8.1 Release|Win32
		{1CFD6243-DAEA-4829-A5FD-3CC5E6C84EBD}.Win8.1 Release|x64.ActiveCfg = Win8.1 Release|x64
		{1CFD6243-DAEA-4829-A5FD-3CC5E6C84EBD}.Win8.1 Release|x64.Build.0 = Win8.1 Release|x64
		{1CFD6243-DAEA-4829-A5FD-3CC5E6C84EBD}.Win8.1 Release|x64.Deploy.0 = Win8.1 Release|x64
		{DC576221-DC05-465C-8D6E-7D7679B5BD18}.Win7 Debug|Win32.ActiveCfg = Win7 Debug|Win32
		{DC576221-DC05-465C-8D6E-7D7679B5BD18}.Win7 Debug|Win32.Build.0 = Win7 Debug|Win32
		{DC576221-DC05-465C-8D6E-7D7679B5BD18}.Win7 Debug|Win32.Deploy.0 = Win7 Debug|Win32
		{DC576221-DC05-465C-8D6E-7D7679B5BD18}.Win7 Debug|x64.ActiveCfg = Win7 Debug|x64
		{DC576221-DC05-465C-8D6E-7D7679B5BD18}.Win7 Debug|x64.Build.0 = Win7 Debug|x64
		{DC576221-DC05-465C-8D6E-7D7679B5BD18}.Win7 Debug|x64.Deploy.0 = Win7 Debug|x64
		{DC576221-DC05-465C-8D6E-7D7679B5BD18}.Win7 Release|Win32.ActiveCfg = Win7 Release|Win32
		{DC576221-DC05-465C-8D6E-7D7679B5BD18}.Win7 Release|Win32.Build.0 = Win7 Release|Win32
		{DC576221-DC05-465C-8D6E-7D7679B5BD18}.Win7 Release|Win32.Deploy.0 = Win7 Release|Win32
		{DC576221-DC05-465C-8D6E-7D7679B5BD18}.Win7 Release|x64.ActiveCfg = Win7 Release|x64
		{DC576221-DC05-465C-8D6E-7D7679B5BD18}.Win7 Release|x64.Build.0 = Win7 Release|x64
		{DC576221-DC05-465C-8D6E-7D7679B5BD18}.Win7 Release|x64.Deploy.0 = Win7 Release|x64
		{DC576221-DC05-465C-8D6E-7D7679B5BD18}.Win8 Debug|Win32.ActiveCfg = Win8 Debug|Win32
		{DC576221-DC05-465C-8D6E-7D7679B5BD18}.Win8 Debug|Win32.Build.0 = Win8 Debug|Win32
		{DC576221-DC05-465C-8D6E-7D7679B5BD18}.Win8 Debug|Win32.Deploy.0 = Win8 Debug|Win32
		{DC576221-DC05-465C-8D6E-7D7679B5BD18}.Win8 Debug|x64.ActiveCfg = Win8 Debug|x64
		{DC576221-DC05-465C-8D6E-7D7679B5BD18}.Win8 Debug|x64.Build.0 = Win8 Debug|x64
		{DC576221-DC05-465C-8D6E-7D7679B5BD18}.Win8 Debug|x64.Deploy.0 = Win8 Debug|x64
		{DC576221-DC05-465C-8D6E-7D7679B5BD18}.Win8 Release|Win32.ActiveCfg = Win8 Release|Win32
		{DC576221-DC05-465C-8D6E-7D7679B5BD18}.Win8 Release|Win32.Build.0 = Win8 Release|Win32
		{DC576221-DC05-465C-8D6E-7D7679B5BD18}.Win8 Release|Win32.Deploy.0 = Win8 Release|Win32
		{DC576221-DC05-465C-8D6E-7D7679B5BD18}.Win8 Release|x64.ActiveCfg = Win8 Release|x64
		{DC576221-DC05-465C-8D6E-7D7679B5BD18}.Win8 Release|x64.Build.0 = Win8 Release|x64
		{DC576221-DC05-465C-8D6E-7D7679B5BD18}.Win8 Release|x64.Deploy.0 = Win8 Release|x64
		{DC576221-DC05-465C-8D6E-7D7679B5BD18}.Win8.1 Debug|Win32.ActiveCfg = Win8.1 Debug|Win32
		{DC576221-DC05-465C-8D6E-7D7679B5BD18}.Win8.1 Debug|Win32.Build.0 = Win8.1 Debug|Win32
		{DC576221-DC05-465C-8D6E-7D7679B5BD18}.Win8.1 Debug|Win32.Deploy.0 = Win8.1 Debug|Win32
		{DC576221-DC05-465C-8D6E-7D7679B5BD18}.Win8.1 Debug|x64.ActiveCfg = Win8.1 Debug|x64
		{DC576221-DC05-465C-8D6E-7D7679B5BD18}.Win8.1 Debug|x64.Build.0 = Win8.1 Debug|x64
		{DC576221-DC05-465C-8D6E-7D7679B5BD18}.Win8.1 Debug|x64.Deploy.0 = Win8.1 Debug|x64
		{DC576221-DC05-465C-8D6E-7D7679B5BD18}.Win8.1 Release|Win32.ActiveCfg = Win8.1 Release|Win32
		{DC576221-DC05-465C-8D6E-7D7679B5BD18}.Win8.1 Release|Win32.Build.0 = Win8.1 Release|Win32
		{DC576221-DC05-465C-8D6E-7D7679B5BD18}.Win8.1 Release|Win32.Deploy.0 = Win8.1 Release|Win32
		{DC576221-DC05-465C-8D6E-7D7679B5BD18}.Win8.1 Release|x64.ActiveCfg = Win8.1 Release|x64
		{DC576221-DC05-465C-8D6E-7D7679B5BD18}.Win8.1 Release|x64.Build.0 = Win8.1 Release|x64
		{DC576221-DC05-465C-8D6E-7D7679B5BD18}.Win8.1 Release|x64.Deploy.0 = Win8.1 Release|x64
		{9EBECA29-C4CC-4226-B529-4C9EAB65512E}.Win7 Debug|Win32.ActiveCfg = Win7 Debug|Win32
		{9EBECA29-C4CC-4226-B529-4C9EAB65512E}.Win7 Debug|Win32.Build.0 = Win7 Debug|Win32
		{9EBECA29-C4CC-4226-B529-4C9EAB65512E}.Win7 Debug|Win32.Deploy.0 = Win7 Debug|Win32
		{9EBECA29-C4CC-4226-B529-4C9EAB65512E}.Win7 Debug|x64.ActiveCfg = Win7 Debug|x64
		{9EBECA29-C4CC-4226-B529-4C9EAB65512E}.Win7 Debug|x64.Build.0 = Win7 Debug|x64
		{9EBECA29-C4CC-4226-B529-4C9EAB65512E}.Win7 Debug|x64.Deploy.0 = Win7 Debug|x64
		{9EBECA29-C4CC-4226-B529-4C9EAB65512E}.Win7 Release|Win32.ActiveCfg = Win7 Release|Win32
		{9EBECA29-C4CC-4226-B529-4C9EAB65512E}.Win7 Release|Win32.Build.0 = Win7 Release|Win32
		{9EBECA29-C4CC-4226-B529-4C9EAB65512E}.Win7 Release|Win32.Deploy.0 = Win7 Release|Win32
		{9EBECA29-C4CC-4226-B529-4C9EAB65512E}.Win7 Release|x64.ActiveCfg = Win7 Release|x64
		{9EBECA29-C4CC-4226-B529-4C9EAB65512E}.Win7 Release|x64.Build.0 = Win7 Release|x64
		{9EBECA29-C4CC-4226-B529-4C9EAB65512E}.Win7 Release|x64.Deploy.0 = Win7 Release|x64
		{9EBECA29-C4CC-4226-B529-4C9EAB65512E}.Win8 Debug|Win32.ActiveCfg = Win8 Debug|Win32
		{9EBECA29-C4CC-4226-B529-4C9EAB65512E}.Win8 Debug|Win32.Build.0 = Win8 Debug|Win32
		{9EBECA29-C4CC-4226-B529-4C9EAB65512E}.Win8 Debug|Win32.Deploy.0 = Win8 Debug|Win32
		{9EBECA29-C4CC-4226-B529-4C9EAB65512E}.Win8 Debug|x64.ActiveCfg = Win8 Debug|x64
		{9EBECA29-C4CC-4226-B529-4C9EAB65512E}.Win8 Debug|x64.Build.0 = Win8 Debug|x64
		{9EBECA29-C4CC-4226-B529-4C9EAB65512E}.Win8 Debug|x64.Deploy.0 = Win8 Debug|x64
		{9EBECA29-C4CC-4226-B529-4C9EAB65512E}.Win8 Release|Win32.ActiveCfg = Win8 Release|Win32
		{9EBECA29-C4CC-4226-B529-4C9EAB65512E}.Win8 Release|Win32.Build.0 = Win8 Release|Win32
		{9EBECA29-C4CC-4226-B529-4C9EAB65512E}.Win8 Release|Win32.Deploy.0 = Win8 Release|Win32
		{9EBECA29-C4CC-4226-B529-4C9EAB65512E}.Win8 Release|x64.ActiveCfg = Win8 Release|x64
		{9EBECA29-C4CC-4226-B529-4C9EAB65512E}.Win8 Release|x64.Build.0 = Win8 Release|x64
		{9EBECA29-C4CC-4226-B529-4C9EAB65512E}.Win8 Release|x64.Deploy.0 = Win8 Release|x64
		{9EBECA29-C4CC-4226-B529-4C9EAB65512E}.Win8.1 Debug|Win32.ActiveCfg = Win8.1 Debug|Win32
		{9EBECA29-C4CC-4226-B529-4C9EAB65512E}.Win8.1 Debug|Win32.Build.0 = Win8.1 Debug|Win32
		{9EBECA29-C4CC-4226-B529-4C9EAB65512E}.Win8.1 Debug|Win32.Deploy.0 = Win8.1 Debug|Win32
		{9EBECA29-C4CC-4226-B529-4C9EAB65512E}.Win8.1 Debug|x64.ActiveCfg = Win8.1 Debug|x64
		{9EBECA29-C4CC-4226-B529-4C9EAB65512E}.Win8.1 Debug|x64.Build.0 = Win8.1 Debug|x64
		{9EBECA29-C4CC-4226-B529-4C9EAB65512E}.Win8.1 Debug|x64.Deploy.0 = Win8.1 Debug|x64
		{9EBECA29-C4CC-4226-B529-4C9EAB65512E}.Win8.1 Release|Win32.ActiveCfg = Win8.1 Release|Win32
		{9EBECA29-C4CC-4226-B529-4C9EAB65512E}.Win8.1 Release|Win32.Build.0 = Win8.1 Release|Win32
		{9EBECA29-C4CC-4226-B529-4C9EAB65512E}.Win8.1 Release|Win32.Deploy.0 = Win8.1 Release|Win32
		{9EBECA29-C4CC-4226-B529-4C9EAB65512E}.Win8.1 Release|x64.ActiveCfg = Win8.1 Release|x64
		{9EBECA29-C4CC-4226-B529-4C9EAB65512E}.Win8.1 Release|x64.Build.0 = Win8.1 Release|x64
		{9EBECA29-C4CC-4226-B529-4C9EAB65512E}.Win8.1 Release|x64.Deploy.0 = Win8.1 Release|x64
	EndGlobalSection
	GlobalSection(SolutionProperties) = preSolution
		HideSolutionNode = FALSE
	EndGlobalSection
EndGlobal
